
Microsoft Visual Studio Solution File, Format Version 12.00
# Visual Studio Version 17
VisualStudioVersion = 17.0.32014.148
MinimumVisualStudioVersion = 10.0.40219.1
Project("{FAE04EC0-301F-11D3-BF4B-00C04F79EFBC}") = "CSharp", "CSharp\CSharp.csproj", "{644CBDB8-E485-4288-ABBE-858537D25808}"
EndProject
Global
	GlobalSection(SolutionConfigurationPlatforms) = preSolution
		Debug|Any CPU = Debug|Any CPU
		Release|Any CPU = Release|Any CPU
	EndGlobalSection
	GlobalSection(ProjectConfigurationPlatforms) = postSolution
		{644CBDB8-E485-4288-ABBE-858537D25808}.Debug|Any CPU.ActiveCfg = Debug|Any CPU
		{644CBDB8-E485-4288-ABBE-858537D25808}.Debug|Any CPU.Build.0 = Debug|Any CPU
		{644CBDB8-E485-4288-ABBE-858537D25808}.Release|Any CPU.ActiveCfg = Release|Any CPU
		{644CBDB8-E485-4288-ABBE-858537D25808}.Release|Any CPU.Build.0 = Release|Any CPU
	EndGlobalSection
	GlobalSection(SolutionProperties) = preSolution
		HideSolutionNode = FALSE
	EndGlobalSection
	GlobalSection(ExtensibilityGlobals) = postSolution
		SolutionGuid = {55525530-9736-4A9E-8372-21104DB3923B}
	EndGlobalSection
EndGlobal
